
Microsoft Visual Studio Solution File, Format Version 12.00
# Visual Studio Version 16
VisualStudioVersion = 16.0.30907.101
MinimumVisualStudioVersion = 10.0.40219.1
Project("{9A19103F-16F7-4668-BE54-9A1E7A4F7556}") = "ECSLegacy", "ECSLegacy\ECSLegacy.csproj", "{667B29C8-999C-4800-84F0-940536495A25}"
EndProject
Project("{FAE04EC0-301F-11D3-BF4B-00C04F79EFBC}") = "ECSLegacy.Test.Unit", "ECSLegacy.Test.Unit\ECSLegacy.Test.Unit.csproj", "{6AA3B7A3-9853-4759-B42B-B170E8F4D2A0}"
EndProject
Global
	GlobalSection(SolutionConfigurationPlatforms) = preSolution
		Debug|Any CPU = Debug|Any CPU
		Release|Any CPU = Release|Any CPU
	EndGlobalSection
	GlobalSection(ProjectConfigurationPlatforms) = postSolution
		{667B29C8-999C-4800-84F0-940536495A25}.Debug|Any CPU.ActiveCfg = Debug|Any CPU
		{667B29C8-999C-4800-84F0-940536495A25}.Debug|Any CPU.Build.0 = Debug|Any CPU
		{667B29C8-999C-4800-84F0-940536495A25}.Release|Any CPU.ActiveCfg = Release|Any CPU
		{667B29C8-999C-4800-84F0-940536495A25}.Release|Any CPU.Build.0 = Release|Any CPU
		{6AA3B7A3-9853-4759-B42B-B170E8F4D2A0}.Debug|Any CPU.ActiveCfg = Debug|Any CPU
		{6AA3B7A3-9853-4759-B42B-B170E8F4D2A0}.Debug|Any CPU.Build.0 = Debug|Any CPU
		{6AA3B7A3-9853-4759-B42B-B170E8F4D2A0}.Release|Any CPU.ActiveCfg = Release|Any CPU
		{6AA3B7A3-9853-4759-B42B-B170E8F4D2A0}.Release|Any CPU.Build.0 = Release|Any CPU
	EndGlobalSection
	GlobalSection(SolutionProperties) = preSolution
		HideSolutionNode = FALSE
	EndGlobalSection
	GlobalSection(ExtensibilityGlobals) = postSolution
		SolutionGuid = {78082BDD-5B09-4A39-90A5-5BB23B90432A}
	EndGlobalSection
EndGlobal
